
Microsoft Visual Studio Solution File, Format Version 12.00
# Visual Studio Version 16
VisualStudioVersion = 16.0.30011.22
MinimumVisualStudioVersion = 10.0.40219.1
Project("{FAE04EC0-301F-11D3-BF4B-00C04F79EFBC}") = "Soundex", "Soundex.csproj", "{CD35FEF3-4305-470C-80D6-E235A96FA3FE}"
EndProject
Global
	GlobalSection(SolutionConfigurationPlatforms) = preSolution
		Debug|Any CPU = Debug|Any CPU
		Release|Any CPU = Release|Any CPU
	EndGlobalSection
	GlobalSection(ProjectConfigurationPlatforms) = postSolution
		{CD35FEF3-4305-470C-80D6-E235A96FA3FE}.Debug|Any CPU.ActiveCfg = Debug|Any CPU
		{CD35FEF3-4305-470C-80D6-E235A96FA3FE}.Debug|Any CPU.Build.0 = Debug|Any CPU
		{CD35FEF3-4305-470C-80D6-E235A96FA3FE}.Release|Any CPU.ActiveCfg = Release|Any CPU
		{CD35FEF3-4305-470C-80D6-E235A96FA3FE}.Release|Any CPU.Build.0 = Release|Any CPU
	EndGlobalSection
	GlobalSection(SolutionProperties) = preSolution
		HideSolutionNode = FALSE
	EndGlobalSection
	GlobalSection(ExtensibilityGlobals) = postSolution
		SolutionGuid = {75447CF2-00F1-4444-9675-FD05B10CFCA1}
	EndGlobalSection
EndGlobal
